
Microsoft Visual Studio Solution File, Format Version 12.00
# Visual Studio 15
VisualStudioVersion = 15.0.26430.13
MinimumVisualStudioVersion = 10.0.40219.1
Project("{FAE04EC0-301F-11D3-BF4B-00C04F79EFBC}") = "DataAccessLayer", "DataAccessLayer\DataAccessLayer.csproj", "{EF06104B-CF35-496C-AB5B-8AB8734C4D70}"
EndProject
Project("{FAE04EC0-301F-11D3-BF4B-00C04F79EFBC}") = "BusinessLogicLayer", "BusinessLogicLayer\BusinessLogicLayer.csproj", "{800F9D2E-D96A-420E-8870-B43901BC9766}"
EndProject
Project("{FAE04EC0-301F-11D3-BF4B-00C04F79EFBC}") = "ModelLayer", "ModelLayer\ModelLayer.csproj", "{3FB0BD5B-E530-49E6-A6A9-72A913B339F8}"
EndProject
Project("{FAE04EC0-301F-11D3-BF4B-00C04F79EFBC}") = "Test", "Test\Test.csproj", "{EEA5B65D-3BBE-44E5-838C-26E30A9ACAD3}"
EndProject
Project("{FAE04EC0-301F-11D3-BF4B-00C04F79EFBC}") = "JobProject.Service", "JobProject.Service\JobProject.Service.csproj", "{1F4FFDEE-6377-49CB-A95C-9018E5C57A24}"
EndProject
Global
	GlobalSection(SolutionConfigurationPlatforms) = preSolution
		Debug|Any CPU = Debug|Any CPU
		Release|Any CPU = Release|Any CPU
	EndGlobalSection
	GlobalSection(ProjectConfigurationPlatforms) = postSolution
		{EF06104B-CF35-496C-AB5B-8AB8734C4D70}.Debug|Any CPU.ActiveCfg = Debug|Any CPU
		{EF06104B-CF35-496C-AB5B-8AB8734C4D70}.Debug|Any CPU.Build.0 = Debug|Any CPU
		{EF06104B-CF35-496C-AB5B-8AB8734C4D70}.Release|Any CPU.ActiveCfg = Release|Any CPU
		{EF06104B-CF35-496C-AB5B-8AB8734C4D70}.Release|Any CPU.Build.0 = Release|Any CPU
		{800F9D2E-D96A-420E-8870-B43901BC9766}.Debug|Any CPU.ActiveCfg = Debug|Any CPU
		{800F9D2E-D96A-420E-8870-B43901BC9766}.Debug|Any CPU.Build.0 = Debug|Any CPU
		{800F9D2E-D96A-420E-8870-B43901BC9766}.Release|Any CPU.ActiveCfg = Release|Any CPU
		{800F9D2E-D96A-420E-8870-B43901BC9766}.Release|Any CPU.Build.0 = Release|Any CPU
		{3FB0BD5B-E530-49E6-A6A9-72A913B339F8}.Debug|Any CPU.ActiveCfg = Debug|Any CPU
		{3FB0BD5B-E530-49E6-A6A9-72A913B339F8}.Debug|Any CPU.Build.0 = Debug|Any CPU
		{3FB0BD5B-E530-49E6-A6A9-72A913B339F8}.Release|Any CPU.ActiveCfg = Release|Any CPU
		{3FB0BD5B-E530-49E6-A6A9-72A913B339F8}.Release|Any CPU.Build.0 = Release|Any CPU
		{EEA5B65D-3BBE-44E5-838C-26E30A9ACAD3}.Debug|Any CPU.ActiveCfg = Debug|Any CPU
		{EEA5B65D-3BBE-44E5-838C-26E30A9ACAD3}.Debug|Any CPU.Build.0 = Debug|Any CPU
		{EEA5B65D-3BBE-44E5-838C-26E30A9ACAD3}.Release|Any CPU.ActiveCfg = Release|Any CPU
		{EEA5B65D-3BBE-44E5-838C-26E30A9ACAD3}.Release|Any CPU.Build.0 = Release|Any CPU
		{1F4FFDEE-6377-49CB-A95C-9018E5C57A24}.Debug|Any CPU.ActiveCfg = Debug|Any CPU
		{1F4FFDEE-6377-49CB-A95C-9018E5C57A24}.Debug|Any CPU.Build.0 = Debug|Any CPU
		{1F4FFDEE-6377-49CB-A95C-9018E5C57A24}.Release|Any CPU.ActiveCfg = Release|Any CPU
		{1F4FFDEE-6377-49CB-A95C-9018E5C57A24}.Release|Any CPU.Build.0 = Release|Any CPU
	EndGlobalSection
	GlobalSection(SolutionProperties) = preSolution
		HideSolutionNode = FALSE
	EndGlobalSection
EndGlobal
